JOYA
  remoto:  https://rubygems.org/
  especificaciones:
    actioncable ( 6.1.4.1 )
      actionpack ( =  6.1.4.1 )
      apoyo activo ( =  6.1.4.1 )
      nio4r ( ~>  2.0 )
      controlador websocket ( > =  0.6.1 )
    actionmailbox ( 6.1.4.1 )
      actionpack ( =  6.1.4.1 )
      trabajo activo ( =  6.1.4.1 )
      activerecord ( =  6.1.4.1 )
      almacenamiento activo ( =  6.1.4.1 )
      apoyo activo ( =  6.1.4.1 )
      correo ( > =  2.7.1 )
    actionmailer ( 6.1.4.1 )
      actionpack ( =  6.1.4.1 )
      vista de acción ( =  6.1.4.1 )
      trabajo activo ( =  6.1.4.1 )
      apoyo activo ( =  6.1.4.1 )
      correo ( ~>  2.5 , > =  2.5.4 )
      rails-dom-testing ( ~>  2.0 )
    actionpack ( 6.1.4.1 )
      vista de acción ( =  6.1.4.1 )
      apoyo activo ( =  6.1.4.1 )
      rejilla ( ~>  2.0 , > =  2.0.9 )
      prueba de bastidor ( > =  0,6,3 )
      rails-dom-testing ( ~>  2.0 )
      rieles-html-desinfectante ( ~>  1.0 , > =  1.2.0 )
    actiontext ( 6.1.4.1 )
      actionpack ( =  6.1.4.1 )
      activerecord ( =  6.1.4.1 )
      almacenamiento activo ( =  6.1.4.1 )
      apoyo activo ( =  6.1.4.1 )
      nokogiri ( > =  1.8.5 )
    vista de acción ( 6.1.4.1 )
      apoyo activo ( =  6.1.4.1 )
      constructor ( ~>  3.1 )
      erubi ( ~>  1,4 )
      rails-dom-testing ( ~>  2.0 )
      rieles-html-desinfectante ( ~>  1.1 , > =  1.2.0 )
    trabajo activo ( 6.1.4.1 )
      apoyo activo ( =  6.1.4.1 )
      globalid ( > =  0.3.6 )
    modelo activo ( 6.1.4.1 )
      apoyo activo ( =  6.1.4.1 )
    activerecord ( 6.1.4.1 )
      modelo activo ( =  6.1.4.1 )
      apoyo activo ( =  6.1.4.1 )
    almacenamiento activo ( 6.1.4.1 )
      actionpack ( =  6.1.4.1 )
      trabajo activo ( =  6.1.4.1 )
      activerecord ( =  6.1.4.1 )
      apoyo activo ( =  6.1.4.1 )
      marcel ( ~>  1.0.0 )
      mini_mime ( > =  1.1.0 )
    apoyo activo ( 6.1.4.1 )
      concurrente-rubí ( ~>  1.0 , > =  1.0.2 )
      i18n ( > =  1,6 , <  2 )
      minitest ( > =  5,1 )
      tzinfo ( ~>  2.0 )
      zeitwerk ( ~>  2,3 )
    direccionable ( 2.8.0 )
      sufijo_público ( > =  2.0.2 , <  5.0 )
    bindex ( 0.8.1 )
    bootsnap ( 1.9.0 )
      msgpack ( ~>  1.0 )
    constructor ( 3.2.4 )
    byebug ( 11.1.3 )
    capibara ( 3.35.3 )
      direccionable
      mini_mime ( > =  0.1.3 )
      nokogiri ( ~>  1.8 )
      rejilla ( > =  1.6.0 )
      prueba de bastidor ( > =  0,6,3 )
      regexp_parser ( > =  1.5 , <  3.0 )
      xpath ( ~>  3.2 )
    childprocess ( 3.0.0 )
    concurrente-rubí ( 1.1.9 )
    grosero ( 1.0.6 )
    erubi ( 1.10.0 )
    ffi ( 1,15,4 )
    GlobalID ( 0.5.2 )
      apoyo activo ( > =  5,0 )
    i18n ( 1.8.10 )
      concurrente-rubí ( ~>  1.0 )
    jbuilder ( 2.11.2 )
      apoyo activo ( > =  5.0.0 )
    escuchar ( 3.7.0 )
      rb-fsevent ( ~>  0.10 , > =  0.10.3 )
      rb-inotificar ( ~>  0.9 , > =  0.9.10 )
    esponja vegetal ( 2.12.0 )
      grosero ( ~>  1.0.2 )
      nokogiri ( > =  1.5.9 )
    correo ( 2.7.1 )
      mini_mime ( > =  0.1.1 )
    marcel ( 1.0.1 )
    fuente_método ( 1.0.0 )
    mini_mime ( 1.1.1 )
    mini_portile2 ( 2.6.1 )
    minitest ( 5.14.4 )
    msgpack ( 1.4.2 )
    nio4r ( 2.5.8 )
    nokogiri ( 1.12.4 )
      mini_portile2 ( ~>  2.6.1 )
      racc ( ~>  1,4 )
    pág ( 1.2.3 )
    public_suffix ( 4.0.6 )
    puma ( 5.4.0 )
      nio4r ( ~>  2.0 )
    racc ( 1.5.2 )
    rejilla ( 2.2.3 )
    Rack-mini-perfilador ( 2.3.3 )
      rejilla ( > =  1.2.0 )
    proxy de rack ( 0.7.0 )
      estante
    prueba de bastidor ( 1.1.0 )
      rejilla ( > =  1.0 , <  3 )
    rieles ( 6.1.4.1 )
      actioncable ( =  6.1.4.1 )
      actionmailbox ( =  6.1.4.1 )
      actionmailer ( =  6.1.4.1 )
      actionpack ( =  6.1.4.1 )
      actiontext ( =  6.1.4.1 )
      vista de acción ( =  6.1.4.1 )
      trabajo activo ( =  6.1.4.1 )
      modelo activo ( =  6.1.4.1 )
      activerecord ( =  6.1.4.1 )
      almacenamiento activo ( =  6.1.4.1 )
      apoyo activo ( =  6.1.4.1 )
      empaquetadora ( > =  1.15.0 )
      railties ( =  6.1.4.1 )
      piñones-rieles ( > =  2.0.0 )
    rails-dom-testing ( 2.0.3 )
      apoyo activo ( > =  4.2.0 )
      nokogiri ( > =  1,6 )
    rieles-html-desinfectante ( 1.4.2 )
      esponja vegetal ( ~>  2,3 )
    railties ( 6.1.4.1 )
      actionpack ( =  6.1.4.1 )
      apoyo activo ( =  6.1.4.1 )
      fuente_método
      rastrillo ( > =  0.13 )
      Thor ( ~>  1.0 )
    rastrillo ( 13.0.6 )
    rb-fsevent ( 0.11.0 )
    rb-inotificar ( 0.10.1 )
      ffi ( ~>  1.0 )
    regexp_parser ( 2.1.1 )
    rubyzip ( 2.3.2 )
    rieles sass ( 6.0.0 )
      rieles sassc ( ~>  2.1 , > =  2.1.1 )
    sassc ( 2.4.0 )
      ffi ( ~>  1,9 )
    rieles sassc ( 2.1.2 )
      railties ( > =  4.0.0 )
      sassc ( > =  2.0 )
      piñones ( >  3,0 )
      piñones-rieles
      inclinación
    controlador web de selenio ( 3.142.7 )
      childprocess ( > =  0.5 , <  4.0 )
      rubyzip ( > =  1.2.2 )
    rango_semántico ( 3.0.0 )
    resorte ( 3.0.0 )
    piñones ( 4.0.2 )
      concurrente-rubí ( ~>  1.0 )
      rejilla ( >  1 , <  3 )
    piñones-rieles ( 3.2.2 )
      paquete de acciones ( > =  4.0 )
      apoyo activo ( > =  4.0 )
      piñones ( > =  3.0.0 )
    Thor ( 1.1.0 )
    inclinación ( 2.0.10 )
    turboenlaces ( 5.2.1 )
      fuente de turboenlaces ( ~>  5.2 )
    fuente de turboenlaces ( 5.2.0 )
    tzinfo ( 2.0.4 )
      concurrente-rubí ( ~>  1.0 )
    consola web ( 4.1.0 )
      vista de acción ( > =  6.0.0 )
      modelo activo ( > =  6.0.0 )
      bindex ( > =  0.4.0 )
      railties ( > =  6.0.0 )
    webdrivers ( 4.6.1 )
      nokogiri ( ~>  1.6 )
      rubyzip ( > =  1.3.0 )
      selenium-webdriver ( > =  3.0 , <  4.0 )
    paquete web ( 5.4.3 )
      apoyo activo ( > =  5,2 )
      proxy de rack ( > =  0.6.1 )
      railties ( > =  5,2 )
      rango_semantic ( > =  2.3.0 )
    controlador websocket ( 0.7.5 )
      extensiones-websocket ( > =  0.1.0 )
    extensiones websocket ( 0.1.5 )
    xpath ( 3.2.0 )
      nokogiri ( ~>  1.8 )
    zeitwerk ( 2.4.2 )

PLATAFORMAS
  rubí

DEPENDENCIAS
  bootsnap ( > =  1.4.4 )
  byebug
  capibara ( > =  3,26 )
  jbuilder ( ~>  2.7 )
  escuchar ( ~>  3.3 )
  pg
  puma ( ~>  5,0 )
  rack-mini-perfilador ( ~>  2.0 )
  rieles ( ~>  6.1.4 , > =  6.1.4.1 )
  sass-rails ( > =  6 )
  selenium-webdriver
  primavera
  turboenlaces ( ~>  5 )
  tzinfo-data
  consola web ( > =  4.1.0 )
  webdrivers
  webpacker ( ~>  5.0 )

VERSIÓN RUBÍ
   rubí 2.5.8p224

CONJUNTO CON
   1.17.3